<Solution>
  <Folder Name="/src/">
    <Project Path="src/Stillframe.App/Stillframe.App.csproj" />
    <Project Path="src/Stillframe.Core/Stillframe.Core.csproj" />
  </Folder>
  <Folder Name="/tests/">
    <Project Path="tests/Stillframe.Core.Checks/Stillframe.Core.Checks.csproj" />
  </Folder>
</Solution>
